
Microsoft Visual Studio Solution File, Format Version 12.00
# Visual Studio Version 16
VisualStudioVersion = 16.0.29102.190
MinimumVisualStudioVersion = 10.0.40219.1
Project("{FAE04EC0-301F-11D3-BF4B-00C04F79EFBC}") = "reportingcloudtestM", "reportingcloudtestM\reportingcloudtestM.csproj", "{CD3BF8C8-BC1F-4338-9E86-87DB37FF4E7D}"
EndProject
Global
	GlobalSection(SolutionConfigurationPlatforms) = preSolution
		Debug|Any CPU = Debug|Any CPU
		Release|Any CPU = Release|Any CPU
	EndGlobalSection
	GlobalSection(ProjectConfigurationPlatforms) = postSolution
		{CD3BF8C8-BC1F-4338-9E86-87DB37FF4E7D}.Debug|Any CPU.ActiveCfg = Debug|Any CPU
		{CD3BF8C8-BC1F-4338-9E86-87DB37FF4E7D}.Debug|Any CPU.Build.0 = Debug|Any CPU
		{CD3BF8C8-BC1F-4338-9E86-87DB37FF4E7D}.Release|Any CPU.ActiveCfg = Release|Any CPU
		{CD3BF8C8-BC1F-4338-9E86-87DB37FF4E7D}.Release|Any CPU.Build.0 = Release|Any CPU
	EndGlobalSection
	GlobalSection(SolutionProperties) = preSolution
		HideSolutionNode = FALSE
	EndGlobalSection
	GlobalSection(ExtensibilityGlobals) = postSolution
		SolutionGuid = {B9A1FEA2-C8E9-4FF9-B09C-6A668616E9CC}
	EndGlobalSection
EndGlobal
